
Microsoft Visual Studio Solution File, Format Version 12.00
# Visual Studio Version 16
VisualStudioVersion = 16.0.29123.88
MinimumVisualStudioVersion = 10.0.40219.1
Project("{FAE04EC0-301F-11D3-BF4B-00C04F79EFBC}") = "FIT5032_AssignmentPortfolio_Ver1.1", "FIT5032_AssignmentPortfolio_Ver1.1\FIT5032_AssignmentPortfolio_Ver1.1.csproj", "{48172D12-3201-4732-AC13-1FE5039EB339}"
EndProject
Global
	GlobalSection(SolutionConfigurationPlatforms) = preSolution
		Debug|Any CPU = Debug|Any CPU
		Release|Any CPU = Release|Any CPU
	EndGlobalSection
	GlobalSection(ProjectConfigurationPlatforms) = postSolution
		{48172D12-3201-4732-AC13-1FE5039EB339}.Debug|Any CPU.ActiveCfg = Debug|Any CPU
		{48172D12-3201-4732-AC13-1FE5039EB339}.Debug|Any CPU.Build.0 = Debug|Any CPU
		{48172D12-3201-4732-AC13-1FE5039EB339}.Release|Any CPU.ActiveCfg = Release|Any CPU
		{48172D12-3201-4732-AC13-1FE5039EB339}.Release|Any CPU.Build.0 = Release|Any CPU
	EndGlobalSection
	GlobalSection(SolutionProperties) = preSolution
		HideSolutionNode = FALSE
	EndGlobalSection
	GlobalSection(ExtensibilityGlobals) = postSolution
		SolutionGuid = {04105615-0F2A-497C-BDA4-89D54B64EB51}
	EndGlobalSection
EndGlobal
